
Microsoft Visual Studio Solution File, Format Version 12.00
# Visual Studio Version 17
VisualStudioVersion = 17.7.34221.43
MinimumVisualStudioVersion = 10.0.40219.1
Project("{FAE04EC0-301F-11D3-BF4B-00C04F79EFBC}") = "01. Delegates", "01. Delegates\01. Delegates.csproj", "{9FBD1634-7E41-4E5F-850B-D72AFB72A1F4}"
EndProject
Global
	GlobalSection(SolutionConfigurationPlatforms) = preSolution
		Debug|Any CPU = Debug|Any CPU
		Release|Any CPU = Release|Any CPU
	EndGlobalSection
	GlobalSection(ProjectConfigurationPlatforms) = postSolution
		{9FBD1634-7E41-4E5F-850B-D72AFB72A1F4}.Debug|Any CPU.ActiveCfg = Debug|Any CPU
		{9FBD1634-7E41-4E5F-850B-D72AFB72A1F4}.Debug|Any CPU.Build.0 = Debug|Any CPU
		{9FBD1634-7E41-4E5F-850B-D72AFB72A1F4}.Release|Any CPU.ActiveCfg = Release|Any CPU
		{9FBD1634-7E41-4E5F-850B-D72AFB72A1F4}.Release|Any CPU.Build.0 = Release|Any CPU
	EndGlobalSection
	GlobalSection(SolutionProperties) = preSolution
		HideSolutionNode = FALSE
	EndGlobalSection
	GlobalSection(ExtensibilityGlobals) = postSolution
		SolutionGuid = {174E1DE0-2D4F-4E37-B31D-3AF951D552FE}
	EndGlobalSection
EndGlobal
