
Microsoft Visual Studio Solution File, Format Version 12.00
# Visual Studio Version 17
VisualStudioVersion = 17.7.34221.43
MinimumVisualStudioVersion = 10.0.40219.1
Project("{FAE04EC0-301F-11D3-BF4B-00C04F79EFBC}") = "AdoDotNetIntroduction", "AdoDotNetIntroduction\AdoDotNetIntroduction.csproj", "{EE7F1DEB-F7D7-4A07-A6BD-1C6D657D200F}"
EndProject
Global
	GlobalSection(SolutionConfigurationPlatforms) = preSolution
		Debug|Any CPU = Debug|Any CPU
		Release|Any CPU = Release|Any CPU
	EndGlobalSection
	GlobalSection(ProjectConfigurationPlatforms) = postSolution
		{EE7F1DEB-F7D7-4A07-A6BD-1C6D657D200F}.Debug|Any CPU.ActiveCfg = Debug|Any CPU
		{EE7F1DEB-F7D7-4A07-A6BD-1C6D657D200F}.Debug|Any CPU.Build.0 = Debug|Any CPU
		{EE7F1DEB-F7D7-4A07-A6BD-1C6D657D200F}.Release|Any CPU.ActiveCfg = Release|Any CPU
		{EE7F1DEB-F7D7-4A07-A6BD-1C6D657D200F}.Release|Any CPU.Build.0 = Release|Any CPU
	EndGlobalSection
	GlobalSection(SolutionProperties) = preSolution
		HideSolutionNode = FALSE
	EndGlobalSection
	GlobalSection(ExtensibilityGlobals) = postSolution
		SolutionGuid = {8F6D49A4-3A73-4491-A787-533AC944B6F2}
	EndGlobalSection
EndGlobal
