
Microsoft Visual Studio Solution File, Format Version 12.00
# Visual Studio Version 17
VisualStudioVersion = 17.7.34221.43
MinimumVisualStudioVersion = 10.0.40219.1
Project("{FAE04EC0-301F-11D3-BF4B-00C04F79EFBC}") = "AdoDotNetExercose", "AdoDotNetExercose\AdoDotNetExercose.csproj", "{7636D924-E81C-41C0-866A-5D23DDB7853D}"
EndProject
Global
	GlobalSection(SolutionConfigurationPlatforms) = preSolution
		Debug|Any CPU = Debug|Any CPU
		Release|Any CPU = Release|Any CPU
	EndGlobalSection
	GlobalSection(ProjectConfigurationPlatforms) = postSolution
		{7636D924-E81C-41C0-866A-5D23DDB7853D}.Debug|Any CPU.ActiveCfg = Debug|Any CPU
		{7636D924-E81C-41C0-866A-5D23DDB7853D}.Debug|Any CPU.Build.0 = Debug|Any CPU
		{7636D924-E81C-41C0-866A-5D23DDB7853D}.Release|Any CPU.ActiveCfg = Release|Any CPU
		{7636D924-E81C-41C0-866A-5D23DDB7853D}.Release|Any CPU.Build.0 = Release|Any CPU
	EndGlobalSection
	GlobalSection(SolutionProperties) = preSolution
		HideSolutionNode = FALSE
	EndGlobalSection
	GlobalSection(ExtensibilityGlobals) = postSolution
		SolutionGuid = {E03DD657-4107-417B-B3CC-7926D9469DF1}
	EndGlobalSection
EndGlobal
