
Microsoft Visual Studio Solution File, Format Version 12.00
# Visual Studio Version 17
VisualStudioVersion = 17.7.34221.43
MinimumVisualStudioVersion = 10.0.40219.1
Project("{FAE04EC0-301F-11D3-BF4B-00C04F79EFBC}") = "EntityRelationsDemo", "EntityRelationsDemo\EntityRelationsDemo.csproj", "{CB1D72F9-EAE9-4EB7-BB28-7A88C837018E}"
EndProject
Global
	GlobalSection(SolutionConfigurationPlatforms) = preSolution
		Debug|Any CPU = Debug|Any CPU
		Release|Any CPU = Release|Any CPU
	EndGlobalSection
	GlobalSection(ProjectConfigurationPlatforms) = postSolution
		{CB1D72F9-EAE9-4EB7-BB28-7A88C837018E}.Debug|Any CPU.ActiveCfg = Debug|Any CPU
		{CB1D72F9-EAE9-4EB7-BB28-7A88C837018E}.Debug|Any CPU.Build.0 = Debug|Any CPU
		{CB1D72F9-EAE9-4EB7-BB28-7A88C837018E}.Release|Any CPU.ActiveCfg = Release|Any CPU
		{CB1D72F9-EAE9-4EB7-BB28-7A88C837018E}.Release|Any CPU.Build.0 = Release|Any CPU
	EndGlobalSection
	GlobalSection(SolutionProperties) = preSolution
		HideSolutionNode = FALSE
	EndGlobalSection
	GlobalSection(ExtensibilityGlobals) = postSolution
		SolutionGuid = {B0B4BFB5-F9A9-4075-9B57-15AFCFE7088F}
	EndGlobalSection
EndGlobal
