
Microsoft Visual Studio Solution File, Format Version 12.00
# Visual Studio Version 17
VisualStudioVersion = 17.7.34221.43
MinimumVisualStudioVersion = 10.0.40219.1
Project("{FAE04EC0-301F-11D3-BF4B-00C04F79EFBC}") = "TaskBoardApp", "TaskBoardApp\TaskBoardApp.csproj", "{ADB9F8D5-4397-4153-9029-1B727676F171}"
EndProject
Global
	GlobalSection(SolutionConfigurationPlatforms) = preSolution
		Debug|Any CPU = Debug|Any CPU
		Release|Any CPU = Release|Any CPU
	EndGlobalSection
	GlobalSection(ProjectConfigurationPlatforms) = postSolution
		{ADB9F8D5-4397-4153-9029-1B727676F171}.Debug|Any CPU.ActiveCfg = Debug|Any CPU
		{ADB9F8D5-4397-4153-9029-1B727676F171}.Debug|Any CPU.Build.0 = Debug|Any CPU
		{ADB9F8D5-4397-4153-9029-1B727676F171}.Release|Any CPU.ActiveCfg = Release|Any CPU
		{ADB9F8D5-4397-4153-9029-1B727676F171}.Release|Any CPU.Build.0 = Release|Any CPU
	EndGlobalSection
	GlobalSection(SolutionProperties) = preSolution
		HideSolutionNode = FALSE
	EndGlobalSection
	GlobalSection(ExtensibilityGlobals) = postSolution
		SolutionGuid = {82AD991D-E343-47EC-B1BA-8534DE63CCA7}
	EndGlobalSection
EndGlobal
